
Microsoft Visual Studio Solution File, Format Version 12.00
# Visual Studio Version 17
VisualStudioVersion = 17.14.37012.4 d17.14
MinimumVisualStudioVersion = 10.0.40219.1
Project("{FAE04EC0-301F-11D3-BF4B-00C04F79EFBC}") = "Driving_License_Issuanse_Project", "Driving_License_Issuanse_Project\Driving_License_Issuanse_Project.csproj", "{A79E18EA-5ACC-4935-9E5B-1CC62A93ED32}"
EndProject
Project("{FAE04EC0-301F-11D3-BF4B-00C04F79EFBC}") = "clsBusinessLayer", "clsBusinessLayer\clsBusinessLayer.csproj", "{1E760874-500E-46D8-9295-B96EB6AAAB01}"
EndProject
Project("{FAE04EC0-301F-11D3-BF4B-00C04F79EFBC}") = "clsDataAccessLayer", "clsDataAccessLayer\clsDataAccessLayer.csproj", "{417E84BF-6397-48F7-837C-C30D17C731A6}"
EndProject
Global
	GlobalSection(SolutionConfigurationPlatforms) = preSolution
		Debug|Any CPU = Debug|Any CPU
		Release|Any CPU = Release|Any CPU
	EndGlobalSection
	GlobalSection(ProjectConfigurationPlatforms) = postSolution
		{A79E18EA-5ACC-4935-9E5B-1CC62A93ED32}.Debug|Any CPU.ActiveCfg = Debug|Any CPU
		{A79E18EA-5ACC-4935-9E5B-1CC62A93ED32}.Debug|Any CPU.Build.0 = Debug|Any CPU
		{A79E18EA-5ACC-4935-9E5B-1CC62A93ED32}.Release|Any CPU.ActiveCfg = Release|Any CPU
		{A79E18EA-5ACC-4935-9E5B-1CC62A93ED32}.Release|Any CPU.Build.0 = Release|Any CPU
		{1E760874-500E-46D8-9295-B96EB6AAAB01}.Debug|Any CPU.ActiveCfg = Debug|Any CPU
		{1E760874-500E-46D8-9295-B96EB6AAAB01}.Debug|Any CPU.Build.0 = Debug|Any CPU
		{1E760874-500E-46D8-9295-B96EB6AAAB01}.Release|Any CPU.ActiveCfg = Release|Any CPU
		{1E760874-500E-46D8-9295-B96EB6AAAB01}.Release|Any CPU.Build.0 = Release|Any CPU
		{417E84BF-6397-48F7-837C-C30D17C731A6}.Debug|Any CPU.ActiveCfg = Debug|Any CPU
		{417E84BF-6397-48F7-837C-C30D17C731A6}.Debug|Any CPU.Build.0 = Debug|Any CPU
		{417E84BF-6397-48F7-837C-C30D17C731A6}.Release|Any CPU.ActiveCfg = Release|Any CPU
		{417E84BF-6397-48F7-837C-C30D17C731A6}.Release|Any CPU.Build.0 = Release|Any CPU
	EndGlobalSection
	GlobalSection(SolutionProperties) = preSolution
		HideSolutionNode = FALSE
	EndGlobalSection
	GlobalSection(ExtensibilityGlobals) = postSolution
		SolutionGuid = {91C2536D-6643-4233-974E-E25634F234A4}
	EndGlobalSection
EndGlobal
